
Microsoft Visual Studio Solution File, Format Version 12.00
# Visual Studio Version 17
VisualStudioVersion = 17.0.31903.59
MinimumVisualStudioVersion = 10.0.40219.1
Project("{2150E333-8FDC-42A3-9474-1A3956D46DE8}") = "src", "src", "{7E77F2D9-C43C-4189-B727-E604738F9979}"
EndProject
Project("{FAE04EC0-301F-11D3-BF4B-00C04F79EFBC}") = "ApiKeyAuthApp", "src\ApiKeyAuthApp\ApiKeyAuthApp.csproj", "{019EB324-FF8B-4096-ACD6-7F2DC1E059DC}"
EndProject
Global
	GlobalSection(SolutionConfigurationPlatforms) = preSolution
		Debug|Any CPU = Debug|Any CPU
		Release|Any CPU = Release|Any CPU
	EndGlobalSection
	GlobalSection(SolutionProperties) = preSolution
		HideSolutionNode = FALSE
	EndGlobalSection
	GlobalSection(ProjectConfigurationPlatforms) = postSolution
		{019EB324-FF8B-4096-ACD6-7F2DC1E059DC}.Debug|Any CPU.ActiveCfg = Debug|Any CPU
		{019EB324-FF8B-4096-ACD6-7F2DC1E059DC}.Debug|Any CPU.Build.0 = Debug|Any CPU
		{019EB324-FF8B-4096-ACD6-7F2DC1E059DC}.Release|Any CPU.ActiveCfg = Release|Any CPU
		{019EB324-FF8B-4096-ACD6-7F2DC1E059DC}.Release|Any CPU.Build.0 = Release|Any CPU
	EndGlobalSection
	GlobalSection(NestedProjects) = preSolution
		{019EB324-FF8B-4096-ACD6-7F2DC1E059DC} = {7E77F2D9-C43C-4189-B727-E604738F9979}
	EndGlobalSection
EndGlobal
